# THIS IS AN AUTOGENERATED FILE. DO NOT EDIT THIS FILE DIRECTLY.
# yarn lockfile v1


ntp-packet-parser@^0.1.0:
  version "0.1.0"
  resolved "https://registry.yarnpkg.com/ntp-packet-parser/-/ntp-packet-parser-0.1.0.tgz#37f5d6b406cba76536b1cb203c591e67ae04bfba"
  integrity sha512-gacKmXjyp3rsJqo4QOMKPp3MHGPDf0G3aN6CQTgnIXIj9O26vLiDT2mMAWrDl5SRRsk6pikakVFG67agxH87rg==

ntp-time-sync@^0.1.0:
  version "0.1.0"
  resolved "https://registry.yarnpkg.com/ntp-time-sync/-/ntp-time-sync-0.1.0.tgz#16a004db74f94be76ecf5c8b583af699ef6eeec4"
  integrity sha512-eIjRFWfXSvKOiDsKMyHoBK7IzU8tY1OWn75j1TW5Tg/dKTWLVEuufnhLiS1XjWfs14sTGmZVCjzTF9E1NqF4dw==
  dependencies:
    ntp-packet-parser "^0.1.0"

oauth@^0.9.15:
  version "0.9.15"
  resolved "https://registry.yarnpkg.com/oauth/-/oauth-0.9.15.tgz#bd1fefaf686c96b75475aed5196412ff60cfb9c1"
  integrity sha1-vR/vr2hslrdUda7VGWQS/2DPucE=
